// !$*UTF8*$!
{
	archiveVersion = 1;
	classes = {
	};
	objectVersion = 55;
	objects = {

/* Begin PBXBuildFile section */
		C365289B277340A900629027 /* AppDelegate.swift in Sources */ = {isa = PBXBuildFile; fileRef = C365289A277340A900629027 /* AppDelegate.swift */; };
		C365289D277340A900629027 /* SceneDelegate.swift in Sources */ = {isa = PBXBuildFile; fileRef = C365289C277340A900629027 /* SceneDelegate.swift */; };
		C365289F277340A900629027 /* ViewController.swift in Sources */ = {isa = PBXBuildFile; fileRef = C365289E277340A900629027 /* ViewController.swift */; };
		C36528A2277340A900629027 /* Main.storyboard in Resources */ = {isa = PBXBuildFile; fileRef = C36528A0277340A900629027 /* Main.storyboard */; };
		C36528A5277340A900629027 /* Weather_Application.xcdatamodeld in Sources */ = {isa = PBXBuildFile; fileRef = C36528A3277340A900629027 /* Weather_Application.xcdatamodeld */; };
		C36528A7277340AE00629027 /* Assets.xcassets in Resources */ = {isa = PBXBuildFile; fileRef = C36528A6277340AE00629027 /* Assets.xcassets */; };
		C36528AA277340AE00629027 /* LaunchScreen.storyboard in Resources */ = {isa = PBXBuildFile; fileRef = C36528A8277340AE00629027 /* LaunchScreen.storyboard */; };
		C36528B5277340AE00629027 /* Weather_ApplicationTests.swift in Sources */ = {isa = PBXBuildFile; fileRef = C36528B4277340AE00629027 /* Weather_ApplicationTests.swift */; };
		C36528BF277340AE00629027 /* Weather_ApplicationUITests.swift in Sources */ = {isa = PBXBuildFile; fileRef = C36528BE277340AE00629027 /* Weather_ApplicationUITests.swift */; };
		C36528C1277340AE00629027 /* Weather_ApplicationUITestsLaunchTests.swift in Sources */ = {isa = PBXBuildFile; fileRef = C36528C0277340AE00629027 /* Weather_ApplicationUITestsLaunchTests.swift */; };
/* End PBXBuildFile section */

/* Begin PBXContainerItemProxy section */
		C36528B1277340AE00629027 /* PBXContainerItemProxy */ = {
			isa = PBXContainerItemProxy;
			containerPortal = C365288F277340A900629027 /* Project object */;
			proxyType = 1;
			remoteGlobalIDString = C3652896277340A900629027;
			remoteInfo = "Weather Application";
		};
		C36528BB277340AE00629027 /* PBXContainerItemProxy */ = {
			isa = PBXContainerItemProxy;
			containerPortal = C365288F277340A900629027 /* Project object */;
			proxyType = 1;
			remoteGlobalIDString = C3652896277340A900629027;
			remoteInfo = "Weather Application";
		};
/* End PBXContainerItemProxy section */

/* Begin PBXFileReference section */
		C3652897277340A900629027 /* Weather Application.app */ = {isa = PBXFileReference; explicitFileType = wrapper.application; includeInIndex = 0; path = "Weather Application.app"; sourceTree = BUILT_PRODUCTS_DIR; };
		C365289A277340A900629027 /* AppDelegate.swift */ = {isa = PBXFileReference; lastKnownFileType = sourcecode.swift; path = AppDelegate.swift; sourceTree = "<group>"; };
		C365289C277340A900629027 /* SceneDelegate.swift */ = {isa = PBXFileReference; lastKnownFileType = sourcecode.swift; path = SceneDelegate.swift; sourceTree = "<group>"; };
		C365289E277340A900629027 /* ViewController.swift */ = {isa = PBXFileReference; lastKnownFileType = sourcecode.swift; path = ViewController.swift; sourceTree = "<group>"; };
		C36528A1277340A900629027 /* Base */ = {isa = PBXFileReference; lastKnownFileType = file.storyboard; name = Base; path = Base.lproj/Main.storyboard; sourceTree = "<group>"; };
		C36528A4277340A900629027 /* Weather_Application.xcdatamodel */ = {isa = PBXFileReference; lastKnownFileType = wrapper.xcdatamodel; path = Weather_Application.xcdatamodel; sourceTree = "<group>"; };
		C36528A6277340AE00629027 /* Assets.xcassets */ = {isa = PBXFileReference; lastKnownFileType = folder.assetcatalog; path = Assets.xcassets; sourceTree = "<group>"; };
		C36528A9277340AE00629027 /* Base */ = {isa = PBXFileReference; lastKnownFileType = file.storyboard; name = Base; path = Base.lproj/LaunchScreen.storyboard; sourceTree = "<group>"; };
		C36528AB277340AE00629027 /* Info.plist */ = {isa = PBXFileReference; lastKnownFileType = text.plist.xml; path = Info.plist; sourceTree = "<group>"; };
		C36528B0277340AE00629027 /* Weather ApplicationTests.xctest */ = {isa = PBXFileReference; explicitFileType = wrapper.cfbundle; includeInIndex = 0; path = "Weather ApplicationTests.xctest"; sourceTree = BUILT_PRODUCTS_DIR; };
		C36528B4277340AE00629027 /* Weather_ApplicationTests.swift */ = {isa = PBXFileReference; lastKnownFileType = sourcecode.swift; path = Weather_ApplicationTests.swift; sourceTree = "<group>"; };
		C36528BA277340AE00629027 /* Weather ApplicationUITests.xctest */ = {isa = PBXFileReference; explicitFileType = wrapper.cfbundle; includeInIndex = 0; path = "Weather ApplicationUITests.xctest"; sourceTree = BUILT_PRODUCTS_DIR; };
		C36528BE277340AE00629027 /* Weather_ApplicationUITests.swift */ = {isa = PBXFileReference; lastKnownFileType = sourcecode.swift; path = Weather_ApplicationUITests.swift; sourceTree = "<group>"; };
		C36528C0277340AE00629027 /* Weather_ApplicationUITestsLaunchTests.swift */ = {isa = PBXFileReference; lastKnownFileType = sourcecode.swift; path = Weather_ApplicationUITestsLaunchTests.swift; sourceTree = "<group>"; };
/* End PBXFileReference section */

/* Begin PBXFrameworksBuildPhase section */
		C3652894277340A900629027 /* Frameworks */ = {
			isa = PBXFrameworksBuildPhase;
			buildActionMask = 2147483647;
			files = (
			);
			runOnlyForDeploymentPostprocessing = 0;
		};
		C36528AD277340AE00629027 /* Frameworks */ = {
			isa = PBXFrameworksBuildPhase;
			buildActionMask = 2147483647;
			files = (
			);
			runOnlyForDeploymentPostprocessing = 0;
		};
		C36528B7277340AE00629027 /* Frameworks */ = {
			isa = PBXFrameworksBuildPhase;
			buildActionMask = 2147483647;
			files = (
			);
			runOnlyForDeploymentPostprocessing = 0;
		};
/* End PBXFrameworksBuildPhase section */

/* Begin PBXGroup section */
		C365288E277340A900629027 = {
			isa = PBXGroup;
			children = (
				C3652899277340A900629027 /* Weather Application */,
				C36528B3277340AE00629027 /* Weather ApplicationTests */,
				C36528BD277340AE00629027 /* Weather ApplicationUITests */,
				C3652898277340A900629027 /* Products */,
			);
			sourceTree = "<group>";
		};
		C3652898277340A900629027 /* Products */ = {
			isa = PBXGroup;
			children = (
				C3652897277340A900629027 /* Weather Application.app */,
				C36528B0277340AE00629027 /* Weather ApplicationTests.xctest */,
				C36528BA277340AE00629027 /* Weather ApplicationUITests.xctest */,
			);
			name = Products;
			sourceTree = "<group>";
		};
		C3652899277340A900629027 /* Weather Application */ = {
			isa = PBXGroup;
			children = (
				C365289A277340A900629027 /* AppDelegate.swift */,
				C365289C277340A900629027 /* SceneDelegate.swift */,
				C365289E277340A900629027 /* ViewController.swift */,
				C36528A0277340A900629027 /* Main.storyboard */,
				C36528A6277340AE00629027 /* Assets.xcassets */,
				C36528A8277340AE00629027 /* LaunchScreen.storyboard */,
				C36528AB277340AE00629027 /* Info.plist */,
				C36528A3277340A900629027 /* Weather_Application.xcdatamodeld */,
			);
			path = "Weather Application";
			sourceTree = "<group>";
		};
		C36528B3277340AE00629027 /* Weather ApplicationTests */ = {
			isa = PBXGroup;
			children = (
				C36528B4277340AE00629027 /* Weather_ApplicationTests.swift */,
			);
			path = "Weather ApplicationTests";
			sourceTree = "<group>";
		};
		C36528BD277340AE00629027 /* Weather ApplicationUITests */ = {
			isa = PBXGroup;
			children = (
				C36528BE277340AE00629027 /* Weather_ApplicationUITests.swift */,
				C36528C0277340AE00629027 /* Weather_ApplicationUITestsLaunchTests.swift */,
			);
			path = "Weather ApplicationUITests";
			sourceTree = "<group>";
		};
/* End PBXGroup section */

/* Begin PBXNativeTarget section */
		C3652896277340A900629027 /* Weather Application */ = {
			isa = PBXNativeTarget;
			buildConfigurationList = C36528C4277340AE00629027 /* Build configuration list for PBXNativeTarget "Weather Application" */;
			buildPhases = (
				C3652893277340A900629027 /* Sources */,
				C3652894277340A900629027 /* Frameworks */,
				C3652895277340A900629027 /* Resources */,
			);
			buildRules = (
			);
			dependencies = (
			);
			name = "Weather Application";
			productName = "Weather Application";
			productReference = C3652897277340A900629027 /* Weather Application.app */;
			productType = "com.apple.product-type.application";
		};
		C36528AF277340AE00629027 /* Weather ApplicationTests */ = {
			isa = PBXNativeTarget;
			buildConfigurationList = C36528C7277340AE00629027 /* Build configuration list for PBXNativeTarget "Weather ApplicationTests" */;
			buildPhases = (
				C36528AC277340AE00629027 /* Sources */,
				C36528AD277340AE00629027 /* Frameworks */,
				C36528AE277340AE00629027 /* Resources */,
			);
			buildRules = (
			);
			dependencies = (
				C36528B2277340AE00629027 /* PBXTargetDependency */,
			);
			name = "Weather ApplicationTests";
			productName = "Weather ApplicationTests";
			productReference = C36528B0277340AE00629027 /* Weather ApplicationTests.xctest */;
			productType = "com.apple.product-type.bundle.unit-test";
		};
		C36528B9277340AE00629027 /* Weather ApplicationUITests */ = {
			isa = PBXNativeTarget;
			buildConfigurationList = C36528CA277340AE00629027 /* Build configuration list for PBXNativeTarget "Weather ApplicationUITests" */;
			buildPhases = (
				C36528B6277340AE00629027 /* Sources */,
				C36528B7277340AE00629027 /* Frameworks */,
				C36528B8277340AE00629027 /* Resources */,
			);
			buildRules = (
			);
			dependencies = (
				C36528BC277340AE00629027 /* PBXTargetDependency */,
			);
			name = "Weather ApplicationUITests";
			productName = "Weather ApplicationUITests";
			productReference = C36528BA277340AE00629027 /* Weather ApplicationUITests.xctest */;
			productType = "com.apple.product-type.bundle.ui-testing";
		};
/* End PBXNativeTarget section */

/* Begin PBXProject section */
		C365288F277340A900629027 /* Project object */ = {
			isa = PBXProject;
			attributes = {
				BuildIndependentTargetsInParallel = 1;
				LastSwiftUpdateCheck = 1310;
				LastUpgradeCheck = 1310;
				TargetAttributes = {
					C3652896277340A900629027 = {
						CreatedOnToolsVersion = 13.1;
					};
					C36528AF277340AE00629027 = {
						CreatedOnToolsVersion = 13.1;
						TestTargetID = C3652896277340A900629027;
					};
					C36528B9277340AE00629027 = {
						CreatedOnToolsVersion = 13.1;
						TestTargetID = C3652896277340A900629027;
					};
				};
			};
			buildConfigurationList = C3652892277340A900629027 /* Build configuration list for PBXProject "Weather Application" */;
			compatibilityVersion = "Xcode 13.0";
			developmentRegion = en;
			hasScannedForEncodings = 0;
			knownRegions = (
				en,
				Base,
			);
			mainGroup = C365288E277340A900629027;
			productRefGroup = C3652898277340A900629027 /* Products */;
			projectDirPath = "";
			projectRoot = "";
			targets = (
				C3652896277340A900629027 /* Weather Application */,
				C36528AF277340AE00629027 /* Weather ApplicationTests */,
				C36528B9277340AE00629027 /* Weather ApplicationUITests */,
			);
		};
/* End PBXProject section */

/* Begin PBXResourcesBuildPhase section */
		C3652895277340A900629027 /* Resources */ = {
			isa = PBXResourcesBuildPhase;
			buildActionMask = 2147483647;
			files = (
				C36528AA277340AE00629027 /* LaunchScreen.storyboard in Resources */,
				C36528A7277340AE00629027 /* Assets.xcassets in Resources */,
				C36528A2277340A900629027 /* Main.storyboard in Resources */,
			);
			runOnlyForDeploymentPostprocessing = 0;
		};
		C36528AE277340AE00629027 /* Resources */ = {
			isa = PBXResourcesBuildPhase;
			buildActionMask = 2147483647;
			files = (
			);
			runOnlyForDeploymentPostprocessing = 0;
		};
		C36528B8277340AE00629027 /* Resources */ = {
			isa = PBXResourcesBuildPhase;
			buildActionMask = 2147483647;
			files = (
			);
			runOnlyForDeploymentPostprocessing = 0;
		};
/* End PBXResourcesBuildPhase section */

/* Begin PBXSourcesBuildPhase section */
		C3652893277340A900629027 /* Sources */ = {
			isa = PBXSourcesBuildPhase;
			buildActionMask = 2147483647;
			files = (
				C365289F277340A900629027 /* ViewController.swift in Sources */,
				C365289B277340A900629027 /* AppDelegate.swift in Sources */,
				C36528A5277340A900629027 /* Weather_Application.xcdatamodeld in Sources */,
				C365289D277340A900629027 /* SceneDelegate.swift in Sources */,
			);
			runOnlyForDeploymentPostprocessing = 0;
		};
		C36528AC277340AE00629027 /* Sources */ = {
			isa = PBXSourcesBuildPhase;
			buildActionMask = 2147483647;
			files = (
				C36528B5277340AE00629027 /* Weather_ApplicationTests.swift in Sources */,
			);
			runOnlyForDeploymentPostprocessing = 0;
		};
		C36528B6277340AE00629027 /* Sources */ = {
			isa = PBXSourcesBuildPhase;
			buildActionMask = 2147483647;
			files = (
				C36528C1277340AE00629027 /* Weather_ApplicationUITestsLaunchTests.swift in Sources */,
				C36528BF277340AE00629027 /* Weather_ApplicationUITests.swift in Sources */,
			);
			runOnlyForDeploymentPostprocessing = 0;
		};
/* End PBXSourcesBuildPhase section */

/* Begin PBXTargetDependency section */
		C36528B2277340AE00629027 /* PBXTargetDependency */ = {
			isa = PBXTargetDependency;
			target = C3652896277340A900629027 /* Weather Application */;
			targetProxy = C36528B1277340AE00629027 /* PBXContainerItemProxy */;
		};
		C36528BC277340AE00629027 /* PBXTargetDependency */ = {
			isa = PBXTargetDependency;
			target = C3652896277340A900629027 /* Weather Application */;
			targetProxy = C36528BB277340AE00629027 /* PBXContainerItemProxy */;
		};
/* End PBXTargetDependency section */

/* Begin PBXVariantGroup section */
		C36528A0277340A900629027 /* Main.storyboard */ = {
			isa = PBXVariantGroup;
			children = (
				C36528A1277340A900629027 /* Base */,
			);
			name = Main.storyboard;
			sourceTree = "<group>";
		};
		C36528A8277340AE00629027 /* LaunchScreen.storyboard */ = {
			isa = PBXVariantGroup;
			children = (
				C36528A9277340AE00629027 /* Base */,
			);
			name = LaunchScreen.storyboard;
			sourceTree = "<group>";
		};
/* End PBXVariantGroup section */

/* Begin XCBuildConfiguration section */
		C36528C2277340AE00629027 /* Debug */ = {
			isa = XCBuildConfiguration;
			buildSettings = {
				ALWAYS_SEARCH_USER_PATHS = NO;
				CLANG_ANALYZER_NONNULL = YES;
				CLANG_ANALYZER_NUMBER_OBJECT_CONVERSION = YES_AGGRESSIVE;
				CLANG_CXX_LANGUAGE_STANDARD = "gnu++17";
				CLANG_CXX_LIBRARY = "libc++";
				CLANG_ENABLE_MODULES = YES;
				CLANG_ENABLE_OBJC_ARC = YES;
				CLANG_ENABLE_OBJC_WEAK = YES;
				CLANG_WARN_BLOCK_CAPTURE_AUTORELEASING = YES;
				CLANG_WARN_BOOL_CONVERSION = YES;
				CLANG_WARN_COMMA = YES;
				CLANG_WARN_CONSTANT_CONVERSION = YES;
				CLANG_WARN_DEPRECATED_OBJC_IMPLEMENTATIONS = YES;
				CLANG_WARN_DIRECT_OBJC_ISA_USAGE = YES_ERROR;
				CLANG_WARN_DOCUMENTATION_COMMENTS = YES;
				CLANG_WARN_EMPTY_BODY = YES;
				CLANG_WARN_ENUM_CONVERSION = YES;
				CLANG_WARN_INFINITE_RECURSION = YES;
				CLANG_WARN_INT_CONVERSION = YES;
				CLANG_WARN_NON_LITERAL_NULL_CONVERSION = YES;
				CLANG_WARN_OBJC_IMPLICIT_RETAIN_SELF = YES;
				CLANG_WARN_OBJC_LITERAL_CONVERSION = YES;
				CLANG_WARN_OBJC_ROOT_CLASS = YES_ERROR;
				CLANG_WARN_QUOTED_INCLUDE_IN_FRAMEWORK_HEADER = YES;
				CLANG_WARN_RANGE_LOOP_ANALYSIS = YES;
				CLANG_WARN_STRICT_PROTOTYPES = YES;
				CLANG_WARN_SUSPICIOUS_MOVE = YES;
				CLANG_WARN_UNGUARDED_AVAILABILITY = YES_AGGRESSIVE;
				CLANG_WARN_UNREACHABLE_CODE = YES;
				CLANG_WARN__DUPLICATE_METHOD_MATCH = YES;
				COPY_PHASE_STRIP = NO;
				DEBUG_INFORMATION_FORMAT = dwarf;
				ENABLE_STRICT_OBJC_MSGSEND = YES;
				ENABLE_TESTABILITY = YES;
				GCC_C_LANGUAGE_STANDARD = gnu11;
				GCC_DYNAMIC_NO_PIC = NO;
				GCC_NO_COMMON_BLOCKS = YES;
				GCC_OPTIMIZATION_LEVEL = 0;
				GCC_PREPROCESSOR_DEFINITIONS = (
					"DEBUG=1",
					"$(inherited)",
				);
				GCC_WARN_64_TO_32_BIT_CONVERSION = YES;
				GCC_WARN_ABOUT_RETURN_TYPE = YES_ERROR;
				GCC_WARN_UNDECLARED_SELECTOR = YES;
				GCC_WARN_UNINITIALIZED_AUTOS = YES_AGGRESSIVE;
				GCC_WARN_UNUSED_FUNCTION = YES;
				GCC_WARN_UNUSED_VARIABLE = YES;
				IPHONEOS_DEPLOYMENT_TARGET = 15.0;
				MTL_ENABLE_DEBUG_INFO = INCLUDE_SOURCE;
				MTL_FAST_MATH = YES;
				ONLY_ACTIVE_ARCH = YES;
				SDKROOT = iphoneos;
				SWIFT_ACTIVE_COMPILATION_CONDITIONS = DEBUG;
				SWIFT_OPTIMIZATION_LEVEL = "-Onone";
			};
			name = Debug;
		};
		C36528C3277340AE00629027 /* Release */ = {
			isa = XCBuildConfiguration;
			buildSettings = {
				ALWAYS_SEARCH_USER_PATHS = NO;
				CLANG_ANALYZER_NONNULL = YES;
				CLANG_ANALYZER_NUMBER_OBJECT_CONVERSION = YES_AGGRESSIVE;
				CLANG_CXX_LANGUAGE_STANDARD = "gnu++17";
				CLANG_CXX_LIBRARY = "libc++";
				CLANG_ENABLE_MODULES = YES;
				CLANG_ENABLE_OBJC_ARC = YES;
				CLANG_ENABLE_OBJC_WEAK = YES;
				CLANG_WARN_BLOCK_CAPTURE_AUTORELEASING = YES;
				CLANG_WARN_BOOL_CONVERSION = YES;
				CLANG_WARN_COMMA = YES;
				CLANG_WARN_CONSTANT_CONVERSION = YES;
				CLANG_WARN_DEPRECATED_OBJC_IMPLEMENTATIONS = YES;
				CLANG_WARN_DIRECT_OBJC_ISA_USAGE = YES_ERROR;
				CLANG_WARN_DOCUMENTATION_COMMENTS = YES;
				CLANG_WARN_EMPTY_BODY = YES;
				CLANG_WARN_ENUM_CONVERSION = YES;
				CLANG_WARN_INFINITE_RECURSION = YES;
				CLANG_WARN_INT_CONVERSION = YES;
				CLANG_WARN_NON_LITERAL_NULL_CONVERSION = YES;
				CLANG_WARN_OBJC_IMPLICIT_RETAIN_SELF = YES;
				CLANG_WARN_OBJC_LITERAL_CONVERSION = YES;
				CLANG_WARN_OBJC_ROOT_CLASS = YES_ERROR;
				CLANG_WARN_QUOTED_INCLUDE_IN_FRAMEWORK_HEADER = YES;
				CLANG_WARN_RANGE_LOOP_ANALYSIS = YES;
				CLANG_WARN_STRICT_PROTOTYPES = YES;
				CLANG_WARN_SUSPICIOUS_MOVE = YES;
				CLANG_WARN_UNGUARDED_AVAILABILITY = YES_AGGRESSIVE;
				CLANG_WARN_UNREACHABLE_CODE = YES;
				CLANG_WARN__DUPLICATE_METHOD_MATCH = YES;
				COPY_PHASE_STRIP = NO;
				DEBUG_INFORMATION_FORMAT = "dwarf-with-dsym";
				ENABLE_NS_ASSERTIONS = NO;
				ENABLE_STRICT_OBJC_MSGSEND = YES;
				GCC_C_LANGUAGE_STANDARD = gnu11;
				GCC_NO_COMMON_BLOCKS = YES;
				GCC_WARN_64_TO_32_BIT_CONVERSION = YES;
				GCC_WARN_ABOUT_RETURN_TYPE = YES_ERROR;
				GCC_WARN_UNDECLARED_SELECTOR = YES;
				GCC_WARN_UNINITIALIZED_AUTOS = YES_AGGRESSIVE;
				GCC_WARN_UNUSED_FUNCTION = YES;
				GCC_WARN_UNUSED_VARIABLE = YES;
				IPHONEOS_DEPLOYMENT_TARGET = 15.0;
				MTL_ENABLE_DEBUG_INFO = NO;
				MTL_FAST_MATH = YES;
				SDKROOT = iphoneos;
				SWIFT_COMPILATION_MODE = wholemodule;
				SWIFT_OPTIMIZATION_LEVEL = "-O";
				VALIDATE_PRODUCT = YES;
			};
			name = Release;
		};
		C36528C5277340AE00629027 /* Debug */ = {
			isa = XCBuildConfiguration;
			buildSettings = {
				ASSETCATALOG_COMPILER_APPICON_NAME = AppIcon;
				ASSETCATALOG_COMPILER_GLOBAL_ACCENT_COLOR_NAME = AccentColor;
				CODE_SIGN_STYLE = Automatic;
				CURRENT_PROJECT_VERSION = 1;
				DEVELOPMENT_TEAM = FP765K72GJ;
				GENERATE_INFOPLIST_FILE = YES;
				INFOPLIST_FILE = "Weather Application/Info.plist";
				INFOPLIST_KEY_UIApplicationSupportsIndirectInputEvents = YES;
				INFOPLIST_KEY_UILaunchStoryboardName = LaunchScreen;
				INFOPLIST_KEY_UIMainStoryboardFile = Main;
				INFOPLIST_KEY_UISupportedInterfaceOrientations_iPad = "UIInterfaceOrientationPortrait UIInterfaceOrientationPortraitUpsideDown UIInterfaceOrientationLandscapeLeft UIInterfaceOrientationLandscapeRight";
				INFOPLIST_KEY_UISupportedInterfaceOrientations_iPhone = "UIInterfaceOrientationPortrait UIInterfaceOrientationLandscapeLeft UIInterfaceOrientationLandscapeRight";
				LD_RUNPATH_SEARCH_PATHS = (
					"$(inherited)",
					"@executable_path/Frameworks",
				);
				MARKETING_VERSION = 1.0;
				PRODUCT_BUNDLE_IDENTIFIER = "Latifah-AlMulhim.Weather-Application";
				PRODUCT_NAME = "$(TARGET_NAME)";
				SWIFT_EMIT_LOC_STRINGS = YES;
				SWIFT_VERSION = 5.0;
				TARGETED_DEVICE_FAMILY = "1,2";
			};
			name = Debug;
		};
		C36528C6277340AE00629027 /* Release */ = {
			isa = XCBuildConfiguration;
			buildSettings = {
				ASSETCATALOG_COMPILER_APPICON_NAME = AppIcon;
				ASSETCATALOG_COMPILER_GLOBAL_ACCENT_COLOR_NAME = AccentColor;
				CODE_SIGN_STYLE = Automatic;
				CURRENT_PROJECT_VERSION = 1;
				DEVELOPMENT_TEAM = FP765K72GJ;
				GENERATE_INFOPLIST_FILE = YES;
				INFOPLIST_FILE = "Weather Application/Info.plist";
				INFOPLIST_KEY_UIApplicationSupportsIndirectInputEvents = YES;
				INFOPLIST_KEY_UILaunchStoryboardName = LaunchScreen;
				INFOPLIST_KEY_UIMainStoryboardFile = Main;
				INFOPLIST_KEY_UISupportedInterfaceOrientations_iPad = "UIInterfaceOrientationPortrait UIInterfaceOrientationPortraitUpsideDown UIInterfaceOrientationLandscapeLeft UIInterfaceOrientationLandscapeRight";
				INFOPLIST_KEY_UISupportedInterfaceOrientations_iPhone = "UIInterfaceOrientationPortrait UIInterfaceOrientationLandscapeLeft UIInterfaceOrientationLandscapeRight";
				LD_RUNPATH_SEARCH_PATHS = (
					"$(inherited)",
					"@executable_path/Frameworks",
				);
				MARKETING_VERSION = 1.0;
				PRODUCT_BUNDLE_IDENTIFIER = "Latifah-AlMulhim.Weather-Application";
				PRODUCT_NAME = "$(TARGET_NAME)";
				SWIFT_EMIT_LOC_STRINGS = YES;
				SWIFT_VERSION = 5.0;
				TARGETED_DEVICE_FAMILY = "1,2";
			};
			name = Release;
		};
		C36528C8277340AE00629027 /* Debug */ = {
			isa = XCBuildConfiguration;
			buildSettings = {
				ALWAYS_EMBED_SWIFT_STANDARD_LIBRARIES = YES;
				BUNDLE_LOADER = "$(TEST_HOST)";
				CODE_SIGN_STYLE = Automatic;
				CURRENT_PROJECT_VERSION = 1;
				DEVELOPMENT_TEAM = FP765K72GJ;
				GENERATE_INFOPLIST_FILE = YES;
				IPHONEOS_DEPLOYMENT_TARGET = 15.0;
				LD_RUNPATH_SEARCH_PATHS = (
					"$(inherited)",
					"@executable_path/Frameworks",
					"@loader_path/Frameworks",
				);
				MARKETING_VERSION = 1.0;
				PRODUCT_BUNDLE_IDENTIFIER = "Latifah-AlMulhim.Weather-ApplicationTests";
				PRODUCT_NAME = "$(TARGET_NAME)";
				SWIFT_EMIT_LOC_STRINGS = NO;
				SWIFT_VERSION = 5.0;
				TARGETED_DEVICE_FAMILY = "1,2";
				TEST_HOST = "$(BUILT_PRODUCTS_DIR)/Weather Application.app/Weather Application";
			};
			name = Debug;
		};
		C36528C9277340AE00629027 /* Release */ = {
			isa = XCBuildConfiguration;
			buildSettings = {
				ALWAYS_EMBED_SWIFT_STANDARD_LIBRARIES = YES;
				BUNDLE_LOADER = "$(TEST_HOST)";
				CODE_SIGN_STYLE = Automatic;
				CURRENT_PROJECT_VERSION = 1;
				DEVELOPMENT_TEAM = FP765K72GJ;
				GENERATE_INFOPLIST_FILE = YES;
				IPHONEOS_DEPLOYMENT_TARGET = 15.0;
				LD_RUNPATH_SEARCH_PATHS = (
					"$(inherited)",
					"@executable_path/Frameworks",
					"@loader_path/Frameworks",
				);
				MARKETING_VERSION = 1.0;
				PRODUCT_BUNDLE_IDENTIFIER = "Latifah-AlMulhim.Weather-ApplicationTests";
				PRODUCT_NAME = "$(TARGET_NAME)";
				SWIFT_EMIT_LOC_STRINGS = NO;
				SWIFT_VERSION = 5.0;
				TARGETED_DEVICE_FAMILY = "1,2";
				TEST_HOST = "$(BUILT_PRODUCTS_DIR)/Weather Application.app/Weather Application";
			};
			name = Release;
		};
		C36528CB277340AE00629027 /* Debug */ = {
			isa = XCBuildConfiguration;
			buildSettings = {
				ALWAYS_EMBED_SWIFT_STANDARD_LIBRARIES = YES;
				CODE_SIGN_STYLE = Automatic;
				CURRENT_PROJECT_VERSION = 1;
				DEVELOPMENT_TEAM = FP765K72GJ;
				GENERATE_INFOPLIST_FILE = YES;
				LD_RUNPATH_SEARCH_PATHS = (
					"$(inherited)",
					"@executable_path/Frameworks",
					"@loader_path/Frameworks",
				);
				MARKETING_VERSION = 1.0;
				PRODUCT_BUNDLE_IDENTIFIER = "Latifah-AlMulhim.Weather-ApplicationUITests";
				PRODUCT_NAME = "$(TARGET_NAME)";
				SWIFT_EMIT_LOC_STRINGS = NO;
				SWIFT_VERSION = 5.0;
				TARGETED_DEVICE_FAMILY = "1,2";
				TEST_TARGET_NAME = "Weather Application";
			};
			name = Debug;
		};
		C36528CC277340AE00629027 /* Release */ = {
			isa = XCBuildConfiguration;
			buildSettings = {
				ALWAYS_EMBED_SWIFT_STANDARD_LIBRARIES = YES;
				CODE_SIGN_STYLE = Automatic;
				CURRENT_PROJECT_VERSION = 1;
				DEVELOPMENT_TEAM = FP765K72GJ;
				GENERATE_INFOPLIST_FILE = YES;
				LD_RUNPATH_SEARCH_PATHS = (
					"$(inherited)",
					"@executable_path/Frameworks",
					"@loader_path/Frameworks",
				);
				MARKETING_VERSION = 1.0;
				PRODUCT_BUNDLE_IDENTIFIER = "Latifah-AlMulhim.Weather-ApplicationUITests";
				PRODUCT_NAME = "$(TARGET_NAME)";
				SWIFT_EMIT_LOC_STRINGS = NO;
				SWIFT_VERSION = 5.0;
				TARGETED_DEVICE_FAMILY = "1,2";
				TEST_TARGET_NAME = "Weather Application";
			};
			name = Release;
		};
/* End XCBuildConfiguration section */

/* Begin XCConfigurationList section */
		C3652892277340A900629027 /* Build configuration list for PBXProject "Weather Application" */ = {
			isa = XCConfigurationList;
			buildConfigurations = (
				C36528C2277340AE00629027 /* Debug */,
				C36528C3277340AE00629027 /* Release */,
			);
			defaultConfigurationIsVisible = 0;
			defaultConfigurationName = Release;
		};
		C36528C4277340AE00629027 /* Build configuration list for PBXNativeTarget "Weather Application" */ = {
			isa = XCConfigurationList;
			buildConfigurations = (
				C36528C5277340AE00629027 /* Debug */,
				C36528C6277340AE00629027 /* Release */,
			);
			defaultConfigurationIsVisible = 0;
			defaultConfigurationName = Release;
		};
		C36528C7277340AE00629027 /* Build configuration list for PBXNativeTarget "Weather ApplicationTests" */ = {
			isa = XCConfigurationList;
			buildConfigurations = (
				C36528C8277340AE00629027 /* Debug */,
				C36528C9277340AE00629027 /* Release */,
			);
			defaultConfigurationIsVisible = 0;
			defaultConfigurationName = Release;
		};
		C36528CA277340AE00629027 /* Build configuration list for PBXNativeTarget "Weather ApplicationUITests" */ = {
			isa = XCConfigurationList;
			buildConfigurations = (
				C36528CB277340AE00629027 /* Debug */,
				C36528CC277340AE00629027 /* Release */,
			);
			defaultConfigurationIsVisible = 0;
			defaultConfigurationName = Release;
		};
/* End XCConfigurationList section */

/* Begin XCVersionGroup section */
		C36528A3277340A900629027 /* Weather_Application.xcdatamodeld */ = {
			isa = XCVersionGroup;
			children = (
				C36528A4277340A900629027 /* Weather_Application.xcdatamodel */,
			);
			currentVersion = C36528A4277340A900629027 /* Weather_Application.xcdatamodel */;
			path = Weather_Application.xcdatamodeld;
			sourceTree = "<group>";
			versionGroupType = wrapper.xcdatamodel;
		};
/* End XCVersionGroup section */
	};
	rootObject = C365288F277340A900629027 /* Project object */;
}
